
Microsoft Visual Studio Solution File, Format Version 12.00
# Visual Studio Version 16
VisualStudioVersion = 16.0.30804.86
MinimumVisualStudioVersion = 10.0.40219.1
Project("{FAE04EC0-301F-11D3-BF4B-00C04F79EFBC}") = "ExceptionHandlingStep314", "ExceptionHandlingStep314\ExceptionHandlingStep314.csproj", "{4AA14E76-8F73-42EC-974F-A33ABD102F9E}"
EndProject
Global
	GlobalSection(SolutionConfigurationPlatforms) = preSolution
		Debug|Any CPU = Debug|Any CPU
		Release|Any CPU = Release|Any CPU
	EndGlobalSection
	GlobalSection(ProjectConfigurationPlatforms) = postSolution
		{4AA14E76-8F73-42EC-974F-A33ABD102F9E}.Debug|Any CPU.ActiveCfg = Debug|Any CPU
		{4AA14E76-8F73-42EC-974F-A33ABD102F9E}.Debug|Any CPU.Build.0 = Debug|Any CPU
		{4AA14E76-8F73-42EC-974F-A33ABD102F9E}.Release|Any CPU.ActiveCfg = Release|Any CPU
		{4AA14E76-8F73-42EC-974F-A33ABD102F9E}.Release|Any CPU.Build.0 = Release|Any CPU
	EndGlobalSection
	GlobalSection(SolutionProperties) = preSolution
		HideSolutionNode = FALSE
	EndGlobalSection
	GlobalSection(ExtensibilityGlobals) = postSolution
		SolutionGuid = {09A5C887-4A3E-47E5-989C-B0ED4960081F}
	EndGlobalSection
EndGlobal
